// !$*UTF8*$!
{
	archiveVersion = 1;
	classes = {
	};
	objectVersion = 46;
	objects = {

/* Begin PBXBuildFile section */
		6739F4D01DCEF96C00B2BF3D /* main.m in Sources */ = {isa = PBXBuildFile; fileRef = 6739F4CF1DCEF96C00B2BF3D /* main.m */; };
		6739F4D31DCEF96C00B2BF3D /* AppDelegate.m in Sources */ = {isa = PBXBuildFile; fileRef = 6739F4D21DCEF96C00B2BF3D /* AppDelegate.m */; };
		6739F4DB1DCEF96C00B2BF3D /* Assets.xcassets in Resources */ = {isa = PBXBuildFile; fileRef = 6739F4DA1DCEF96C00B2BF3D /* Assets.xcassets */; };
		6739F4DE1DCEF96C00B2BF3D /* LaunchScreen.storyboard in Resources */ = {isa = PBXBuildFile; fileRef = 6739F4DC1DCEF96C00B2BF3D /* LaunchScreen.storyboard */; };
		6739F4E71DCF000400B2BF3D /* MainViewController.m in Sources */ = {isa = PBXBuildFile; fileRef = 6739F4E61DCF000400B2BF3D /* MainViewController.m */; };
		6739F4EA1DCF001E00B2BF3D /* ForwardViewController.m in Sources */ = {isa = PBXBuildFile; fileRef = 6739F4E91DCF001E00B2BF3D /* ForwardViewController.m */; };
		6739F4ED1DCF018F00B2BF3D /* NeteaseTransitionAnimation.m in Sources */ = {isa = PBXBuildFile; fileRef = 6739F4EC1DCF018F00B2BF3D /* NeteaseTransitionAnimation.m */; };
/* End PBXBuildFile section */

/* Begin PBXFileReference section */
		6739F4CB1DCEF96C00B2BF3D /* NeteaseTransition.app */ = {isa = PBXFileReference; explicitFileType = wrapper.application; includeInIndex = 0; path = NeteaseTransition.app; sourceTree = BUILT_PRODUCTS_DIR; };
		6739F4CF1DCEF96C00B2BF3D /* main.m */ = {isa = PBXFileReference; lastKnownFileType = sourcecode.c.objc; path = main.m; sourceTree = "<group>"; };
		6739F4D11DCEF96C00B2BF3D /* AppDelegate.h */ = {isa = PBXFileReference; lastKnownFileType = sourcecode.c.h; path = AppDelegate.h; sourceTree = "<group>"; };
		6739F4D21DCEF96C00B2BF3D /* AppDelegate.m */ = {isa = PBXFileReference; lastKnownFileType = sourcecode.c.objc; path = AppDelegate.m; sourceTree = "<group>"; };
		6739F4DA1DCEF96C00B2BF3D /* Assets.xcassets */ = {isa = PBXFileReference; lastKnownFileType = folder.assetcatalog; path = Assets.xcassets; sourceTree = "<group>"; };
		6739F4DD1DCEF96C00B2BF3D /* Base */ = {isa = PBXFileReference; lastKnownFileType = file.storyboard; name = Base; path = Base.lproj/LaunchScreen.storyboard; sourceTree = "<group>"; };
		6739F4DF1DCEF96C00B2BF3D /* Info.plist */ = {isa = PBXFileReference; lastKnownFileType = text.plist.xml; path = Info.plist; sourceTree = "<group>"; };
		6739F4E51DCF000400B2BF3D /* MainViewController.h */ = {isa = PBXFileReference; fileEncoding = 4; lastKnownFileType = sourcecode.c.h; path = MainViewController.h; sourceTree = "<group>"; };
		6739F4E61DCF000400B2BF3D /* MainViewController.m */ = {isa = PBXFileReference; fileEncoding = 4; lastKnownFileType = sourcecode.c.objc; path = MainViewController.m; sourceTree = "<group>"; };
		6739F4E81DCF001E00B2BF3D /* ForwardViewController.h */ = {isa = PBXFileReference; fileEncoding = 4; lastKnownFileType = sourcecode.c.h; path = ForwardViewController.h; sourceTree = "<group>"; };
		6739F4E91DCF001E00B2BF3D /* ForwardViewController.m */ = {isa = PBXFileReference; fileEncoding = 4; lastKnownFileType = sourcecode.c.objc; path = ForwardViewController.m; sourceTree = "<group>"; };
		6739F4EB1DCF018F00B2BF3D /* NeteaseTransitionAnimation.h */ = {isa = PBXFileReference; fileEncoding = 4; lastKnownFileType = sourcecode.c.h; path = NeteaseTransitionAnimation.h; sourceTree = "<group>"; };
		6739F4EC1DCF018F00B2BF3D /* NeteaseTransitionAnimation.m */ = {isa = PBXFileReference; fileEncoding = 4; lastKnownFileType = sourcecode.c.objc; path = NeteaseTransitionAnimation.m; sourceTree = "<group>"; };
/* End PBXFileReference section */

/* Begin PBXFrameworksBuildPhase section */
		6739F4C81DCEF96C00B2BF3D /* Frameworks */ = {
			isa = PBXFrameworksBuildPhase;
			buildActionMask = 2147483647;
			files = (
			);
			runOnlyForDeploymentPostprocessing = 0;
		};
/* End PBXFrameworksBuildPhase section */

/* Begin PBXGroup section */
		6739F4C21DCEF96C00B2BF3D = {
			isa = PBXGroup;
			children = (
				6739F4CD1DCEF96C00B2BF3D /* NeteaseTransition */,
				6739F4CC1DCEF96C00B2BF3D /* Products */,
			);
			sourceTree = "<group>";
		};
		6739F4CC1DCEF96C00B2BF3D /* Products */ = {
			isa = PBXGroup;
			children = (
				6739F4CB1DCEF96C00B2BF3D /* NeteaseTransition.app */,
			);
			name = Products;
			sourceTree = "<group>";
		};
		6739F4CD1DCEF96C00B2BF3D /* NeteaseTransition */ = {
			isa = PBXGroup;
			children = (
				6739F4D11DCEF96C00B2BF3D /* AppDelegate.h */,
				6739F4D21DCEF96C00B2BF3D /* AppDelegate.m */,
				6739F4E51DCF000400B2BF3D /* MainViewController.h */,
				6739F4E61DCF000400B2BF3D /* MainViewController.m */,
				6739F4E81DCF001E00B2BF3D /* ForwardViewController.h */,
				6739F4E91DCF001E00B2BF3D /* ForwardViewController.m */,
				6739F4EB1DCF018F00B2BF3D /* NeteaseTransitionAnimation.h */,
				6739F4EC1DCF018F00B2BF3D /* NeteaseTransitionAnimation.m */,
				6739F4DA1DCEF96C00B2BF3D /* Assets.xcassets */,
				6739F4DC1DCEF96C00B2BF3D /* LaunchScreen.storyboard */,
				6739F4DF1DCEF96C00B2BF3D /* Info.plist */,
				6739F4CE1DCEF96C00B2BF3D /* Supporting Files */,
			);
			path = NeteaseTransition;
			sourceTree = "<group>";
		};
		6739F4CE1DCEF96C00B2BF3D /* Supporting Files */ = {
			isa = PBXGroup;
			children = (
				6739F4CF1DCEF96C00B2BF3D /* main.m */,
			);
			name = "Supporting Files";
			sourceTree = "<group>";
		};
/* End PBXGroup section */

/* Begin PBXNativeTarget section */
		6739F4CA1DCEF96C00B2BF3D /* NeteaseTransition */ = {
			isa = PBXNativeTarget;
			buildConfigurationList = 6739F4E21DCEF96C00B2BF3D /* Build configuration list for PBXNativeTarget "NeteaseTransition" */;
			buildPhases = (
				6739F4C71DCEF96C00B2BF3D /* Sources */,
				6739F4C81DCEF96C00B2BF3D /* Frameworks */,
				6739F4C91DCEF96C00B2BF3D /* Resources */,
			);
			buildRules = (
			);
			dependencies = (
			);
			name = NeteaseTransition;
			productName = NeteaseTransition;
			productReference = 6739F4CB1DCEF96C00B2BF3D /* NeteaseTransition.app */;
			productType = "com.apple.product-type.application";
		};
/* End PBXNativeTarget section */

/* Begin PBXProject section */
		6739F4C31DCEF96C00B2BF3D /* Project object */ = {
			isa = PBXProject;
			attributes = {
				LastUpgradeCheck = 0800;
				ORGANIZATIONNAME = "蔡越";
				TargetAttributes = {
					6739F4CA1DCEF96C00B2BF3D = {
						CreatedOnToolsVersion = 8.0;
						ProvisioningStyle = Automatic;
					};
				};
			};
			buildConfigurationList = 6739F4C61DCEF96C00B2BF3D /* Build configuration list for PBXProject "NeteaseTransition" */;
			compatibilityVersion = "Xcode 3.2";
			developmentRegion = English;
			hasScannedForEncodings = 0;
			knownRegions = (
				en,
				Base,
			);
			mainGroup = 6739F4C21DCEF96C00B2BF3D;
			productRefGroup = 6739F4CC1DCEF96C00B2BF3D /* Products */;
			projectDirPath = "";
			projectRoot = "";
			targets = (
				6739F4CA1DCEF96C00B2BF3D /* NeteaseTransition */,
			);
		};
/* End PBXProject section */

/* Begin PBXResourcesBuildPhase section */
		6739F4C91DCEF96C00B2BF3D /* Resources */ = {
			isa = PBXResourcesBuildPhase;
			buildActionMask = 2147483647;
			files = (
				6739F4DE1DCEF96C00B2BF3D /* LaunchScreen.storyboard in Resources */,
				6739F4DB1DCEF96C00B2BF3D /* Assets.xcassets in Resources */,
			);
			runOnlyForDeploymentPostprocessing = 0;
		};
/* End PBXResourcesBuildPhase section */

/* Begin PBXSourcesBuildPhase section */
		6739F4C71DCEF96C00B2BF3D /* Sources */ = {
			isa = PBXSourcesBuildPhase;
			buildActionMask = 2147483647;
			files = (
				6739F4D31DCEF96C00B2BF3D /* AppDelegate.m in Sources */,
				6739F4D01DCEF96C00B2BF3D /* main.m in Sources */,
				6739F4EA1DCF001E00B2BF3D /* ForwardViewController.m in Sources */,
				6739F4ED1DCF018F00B2BF3D /* NeteaseTransitionAnimation.m in Sources */,
				6739F4E71DCF000400B2BF3D /* MainViewController.m in Sources */,
			);
			runOnlyForDeploymentPostprocessing = 0;
		};
/* End PBXSourcesBuildPhase section */

/* Begin PBXVariantGroup section */
		6739F4DC1DCEF96C00B2BF3D /* LaunchScreen.storyboard */ = {
			isa = PBXVariantGroup;
			children = (
				6739F4DD1DCEF96C00B2BF3D /* Base */,
			);
			name = LaunchScreen.storyboard;
			sourceTree = "<group>";
		};
/* End PBXVariantGroup section */

/* Begin XCBuildConfiguration section */
		6739F4E01DCEF96C00B2BF3D /* Debug */ = {
			isa = XCBuildConfiguration;
			buildSettings = {
				ALWAYS_SEARCH_USER_PATHS = NO;
				CLANG_ANALYZER_NONNULL = YES;
				CLANG_CXX_LANGUAGE_STANDARD = "gnu++0x";
				CLANG_CXX_LIBRARY = "libc++";
				CLANG_ENABLE_MODULES = YES;
				CLANG_ENABLE_OBJC_ARC = YES;
				CLANG_WARN_BOOL_CONVERSION = YES;
				CLANG_WARN_CONSTANT_CONVERSION = YES;
				CLANG_WARN_DIRECT_OBJC_ISA_USAGE = YES_ERROR;
				CLANG_WARN_DOCUMENTATION_COMMENTS = YES;
				CLANG_WARN_EMPTY_BODY = YES;
				CLANG_WARN_ENUM_CONVERSION = YES;
				CLANG_WARN_INFINITE_RECURSION = YES;
				CLANG_WARN_INT_CONVERSION = YES;
				CLANG_WARN_OBJC_ROOT_CLASS = YES_ERROR;
				CLANG_WARN_SUSPICIOUS_MOVES = YES;
				CLANG_WARN_UNREACHABLE_CODE = YES;
				CLANG_WARN__DUPLICATE_METHOD_MATCH = YES;
				"CODE_SIGN_IDENTITY[sdk=iphoneos*]" = "iPhone Developer";
				COPY_PHASE_STRIP = NO;
				DEBUG_INFORMATION_FORMAT = dwarf;
				ENABLE_STRICT_OBJC_MSGSEND = YES;
				ENABLE_TESTABILITY = YES;
				GCC_C_LANGUAGE_STANDARD = gnu99;
				GCC_DYNAMIC_NO_PIC = NO;
				GCC_NO_COMMON_BLOCKS = YES;
				GCC_OPTIMIZATION_LEVEL = 0;
				GCC_PREPROCESSOR_DEFINITIONS = (
					"DEBUG=1",
					"$(inherited)",
				);
				GCC_WARN_64_TO_32_BIT_CONVERSION = YES;
				GCC_WARN_ABOUT_RETURN_TYPE = YES_ERROR;
				GCC_WARN_UNDECLARED_SELECTOR = YES;
				GCC_WARN_UNINITIALIZED_AUTOS = YES_AGGRESSIVE;
				GCC_WARN_UNUSED_FUNCTION = YES;
				GCC_WARN_UNUSED_VARIABLE = YES;
				IPHONEOS_DEPLOYMENT_TARGET = 10.0;
				MTL_ENABLE_DEBUG_INFO = YES;
				ONLY_ACTIVE_ARCH = YES;
				SDKROOT = iphoneos;
			};
			name = Debug;
		};
		6739F4E11DCEF96C00B2BF3D /* Release */ = {
			isa = XCBuildConfiguration;
			buildSettings = {
				ALWAYS_SEARCH_USER_PATHS = NO;
				CLANG_ANALYZER_NONNULL = YES;
				CLANG_CXX_LANGUAGE_STANDARD = "gnu++0x";
				CLANG_CXX_LIBRARY = "libc++";
				CLANG_ENABLE_MODULES = YES;
				CLANG_ENABLE_OBJC_ARC = YES;
				CLANG_WARN_BOOL_CONVERSION = YES;
				CLANG_WARN_CONSTANT_CONVERSION = YES;
				CLANG_WARN_DIRECT_OBJC_ISA_USAGE = YES_ERROR;
				CLANG_WARN_DOCUMENTATION_COMMENTS = YES;
				CLANG_WARN_EMPTY_BODY = YES;
				CLANG_WARN_ENUM_CONVERSION = YES;
				CLANG_WARN_INFINITE_RECURSION = YES;
				CLANG_WARN_INT_CONVERSION = YES;
				CLANG_WARN_OBJC_ROOT_CLASS = YES_ERROR;
				CLANG_WARN_SUSPICIOUS_MOVES = YES;
				CLANG_WARN_UNREACHABLE_CODE = YES;
				CLANG_WARN__DUPLICATE_METHOD_MATCH = YES;
				"CODE_SIGN_IDENTITY[sdk=iphoneos*]" = "iPhone Developer";
				COPY_PHASE_STRIP = NO;
				DEBUG_INFORMATION_FORMAT = "dwarf-with-dsym";
				ENABLE_NS_ASSERTIONS = NO;
				ENABLE_STRICT_OBJC_MSGSEND = YES;
				GCC_C_LANGUAGE_STANDARD = gnu99;
				GCC_NO_COMMON_BLOCKS = YES;
				GCC_WARN_64_TO_32_BIT_CONVERSION = YES;
				GCC_WARN_ABOUT_RETURN_TYPE = YES_ERROR;
				GCC_WARN_UNDECLARED_SELECTOR = YES;
				GCC_WARN_UNINITIALIZED_AUTOS = YES_AGGRESSIVE;
				GCC_WARN_UNUSED_FUNCTION = YES;
				GCC_WARN_UNUSED_VARIABLE = YES;
				IPHONEOS_DEPLOYMENT_TARGET = 10.0;
				MTL_ENABLE_DEBUG_INFO = NO;
				SDKROOT = iphoneos;
				VALIDATE_PRODUCT = YES;
			};
			name = Release;
		};
		6739F4E31DCEF96C00B2BF3D /* Debug */ = {
			isa = XCBuildConfiguration;
			buildSettings = {
				ASSETCATALOG_COMPILER_APPICON_NAME = AppIcon;
				INFOPLIST_FILE = NeteaseTransition/Info.plist;
				LD_RUNPATH_SEARCH_PATHS = "$(inherited) @executable_path/Frameworks";
				PRODUCT_BUNDLE_IDENTIFIER = me.soledad.NeteaseTransition;
				PRODUCT_NAME = "$(TARGET_NAME)";
			};
			name = Debug;
		};
		6739F4E41DCEF96C00B2BF3D /* Release */ = {
			isa = XCBuildConfiguration;
			buildSettings = {
				ASSETCATALOG_COMPILER_APPICON_NAME = AppIcon;
				INFOPLIST_FILE = NeteaseTransition/Info.plist;
				LD_RUNPATH_SEARCH_PATHS = "$(inherited) @executable_path/Frameworks";
				PRODUCT_BUNDLE_IDENTIFIER = me.soledad.NeteaseTransition;
				PRODUCT_NAME = "$(TARGET_NAME)";
			};
			name = Release;
		};
/* End XCBuildConfiguration section */

/* Begin XCConfigurationList section */
		6739F4C61DCEF96C00B2BF3D /* Build configuration list for PBXProject "NeteaseTransition" */ = {
			isa = XCConfigurationList;
			buildConfigurations = (
				6739F4E01DCEF96C00B2BF3D /* Debug */,
				6739F4E11DCEF96C00B2BF3D /* Release */,
			);
			defaultConfigurationIsVisible = 0;
			defaultConfigurationName = Release;
		};
		6739F4E21DCEF96C00B2BF3D /* Build configuration list for PBXNativeTarget "NeteaseTransition" */ = {
			isa = XCConfigurationList;
			buildConfigurations = (
				6739F4E31DCEF96C00B2BF3D /* Debug */,
				6739F4E41DCEF96C00B2BF3D /* Release */,
			);
			defaultConfigurationIsVisible = 0;
		};
/* End XCConfigurationList section */
	};
	rootObject = 6739F4C31DCEF96C00B2BF3D /* Project object */;
}
